
Microsoft Visual Studio Solution File, Format Version 12.00
# Visual Studio Version 17
VisualStudioVersion = 17.14.36127.28 d17.14
MinimumVisualStudioVersion = 10.0.40219.1
Project("{FAE04EC0-301F-11D3-BF4B-00C04F79EFBC}") = "TaskManager", "TaskManager.csproj", "{4D362E81-4AFE-4E6F-B7C0-5ACE07CD3F12}"
EndProject
Global
	GlobalSection(SolutionConfigurationPlatforms) = preSolution
		Debug|Any CPU = Debug|Any CPU
		Release|Any CPU = Release|Any CPU
	EndGlobalSection
	GlobalSection(ProjectConfigurationPlatforms) = postSolution
		{4D362E81-4AFE-4E6F-B7C0-5ACE07CD3F12}.Debug|Any CPU.ActiveCfg = Debug|Any CPU
		{4D362E81-4AFE-4E6F-B7C0-5ACE07CD3F12}.Debug|Any CPU.Build.0 = Debug|Any CPU
		{4D362E81-4AFE-4E6F-B7C0-5ACE07CD3F12}.Release|Any CPU.ActiveCfg = Release|Any CPU
		{4D362E81-4AFE-4E6F-B7C0-5ACE07CD3F12}.Release|Any CPU.Build.0 = Release|Any CPU
	EndGlobalSection
	GlobalSection(SolutionProperties) = preSolution
		HideSolutionNode = FALSE
	EndGlobalSection
	GlobalSection(ExtensibilityGlobals) = postSolution
		SolutionGuid = {3EEA33F2-7993-4CD2-82BD-2F88CC48522E}
	EndGlobalSection
EndGlobal
